
Microsoft Visual Studio Solution File, Format Version 12.00
# Visual Studio Version 17
VisualStudioVersion = 17.6.33815.320
MinimumVisualStudioVersion = 10.0.40219.1
Project("{FAE04EC0-301F-11D3-BF4B-00C04F79EFBC}") = "mvc_on_webform", "mvc_on_webform\mvc_on_webform.csproj", "{5A1AD329-7ADC-4D5D-80E3-EBD648645249}"
EndProject
Global
	GlobalSection(SolutionConfigurationPlatforms) = preSolution
		Debug|Any CPU = Debug|Any CPU
		Release|Any CPU = Release|Any CPU
	EndGlobalSection
	GlobalSection(ProjectConfigurationPlatforms) = postSolution
		{5A1AD329-7ADC-4D5D-80E3-EBD648645249}.Debug|Any CPU.ActiveCfg = Debug|Any CPU
		{5A1AD329-7ADC-4D5D-80E3-EBD648645249}.Debug|Any CPU.Build.0 = Debug|Any CPU
		{5A1AD329-7ADC-4D5D-80E3-EBD648645249}.Release|Any CPU.ActiveCfg = Release|Any CPU
		{5A1AD329-7ADC-4D5D-80E3-EBD648645249}.Release|Any CPU.Build.0 = Release|Any CPU
	EndGlobalSection
	GlobalSection(SolutionProperties) = preSolution
		HideSolutionNode = FALSE
	EndGlobalSection
	GlobalSection(ExtensibilityGlobals) = postSolution
		SolutionGuid = {F966861C-3EDB-4AB3-AA09-01A8692A2230}
	EndGlobalSection
EndGlobal
